
Microsoft Visual Studio Solution File, Format Version 12.00
# Visual Studio 15
VisualStudioVersion = 15.0.28010.2036
MinimumVisualStudioVersion = 10.0.40219.1
Project("{9A19103F-16F7-4668-BE54-9A1E7A4F7556}") = "SFA.DAS.Campaign.Web", "SFA.DAS.Campaign.Web\SFA.DAS.Campaign.Web.csproj", "{78963483-FF2C-42AF-9C29-8DC42B98D6A6}"
EndProject
Project("{9A19103F-16F7-4668-BE54-9A1E7A4F7556}") = "SFA.DAS.Campaign.Application", "SFA.DAS.Campaign.Application\SFA.DAS.Campaign.Application.csproj", "{5D7E8906-1680-42CC-A074-1F3B494EAC01}"
EndProject
Project("{9A19103F-16F7-4668-BE54-9A1E7A4F7556}") = "SFA.DAS.Campaign.Domain", "SFA.DAS.Campaign.Domain\SFA.DAS.Campaign.Domain.csproj", "{ABA71A27-1FF0-4201-BBC6-E6E1D0ED44A4}"
EndProject
Project("{9A19103F-16F7-4668-BE54-9A1E7A4F7556}") = "SFA.DAS.Vacancies.Api", "SFA.DAS.Vacancies.Api\SFA.DAS.Vacancies.Api.csproj", "{A4837F8C-5EA8-4342-9D3B-FF703B3D9085}"
EndProject
Project("{9A19103F-16F7-4668-BE54-9A1E7A4F7556}") = "SFA.DAS.Campaign.Infrastructure", "SFA.DAS.Campaign.Infrastructure\SFA.DAS.Campaign.Infrastructure.csproj", "{93CE170F-44C8-4F8E-A749-9154C3555577}"
EndProject
Project("{9A19103F-16F7-4668-BE54-9A1E7A4F7556}") = "Ifa.Api", "Ifa.Api\Ifa.Api.csproj", "{C4F9CCB1-EA2B-49E9-AE9B-14B7C6F46FE9}"
EndProject
Project("{FAE04EC0-301F-11D3-BF4B-00C04F79EFBC}") = "SFA.DAS.Campaign.UnitTests", "SFA.DAS.Campaign.UnitTests\SFA.DAS.Campaign.UnitTests.csproj", "{06D4B90F-81B1-4551-AFEE-05B0B1104C94}"
EndProject
Global
	GlobalSection(SolutionConfigurationPlatforms) = preSolution
		Debug|Any CPU = Debug|Any CPU
		Release|Any CPU = Release|Any CPU
	EndGlobalSection
	GlobalSection(ProjectConfigurationPlatforms) = postSolution
		{78963483-FF2C-42AF-9C29-8DC42B98D6A6}.Debug|Any CPU.ActiveCfg = Debug|Any CPU
		{78963483-FF2C-42AF-9C29-8DC42B98D6A6}.Debug|Any CPU.Build.0 = Debug|Any CPU
		{78963483-FF2C-42AF-9C29-8DC42B98D6A6}.Release|Any CPU.ActiveCfg = Release|Any CPU
		{78963483-FF2C-42AF-9C29-8DC42B98D6A6}.Release|Any CPU.Build.0 = Release|Any CPU
		{5D7E8906-1680-42CC-A074-1F3B494EAC01}.Debug|Any CPU.ActiveCfg = Debug|Any CPU
		{5D7E8906-1680-42CC-A074-1F3B494EAC01}.Debug|Any CPU.Build.0 = Debug|Any CPU
		{5D7E8906-1680-42CC-A074-1F3B494EAC01}.Release|Any CPU.ActiveCfg = Release|Any CPU
		{5D7E8906-1680-42CC-A074-1F3B494EAC01}.Release|Any CPU.Build.0 = Release|Any CPU
		{ABA71A27-1FF0-4201-BBC6-E6E1D0ED44A4}.Debug|Any CPU.ActiveCfg = Debug|Any CPU
		{ABA71A27-1FF0-4201-BBC6-E6E1D0ED44A4}.Debug|Any CPU.Build.0 = Debug|Any CPU
		{ABA71A27-1FF0-4201-BBC6-E6E1D0ED44A4}.Release|Any CPU.ActiveCfg = Release|Any CPU
		{ABA71A27-1FF0-4201-BBC6-E6E1D0ED44A4}.Release|Any CPU.Build.0 = Release|Any CPU
		{A4837F8C-5EA8-4342-9D3B-FF703B3D9085}.Debug|Any CPU.ActiveCfg = Debug|Any CPU
		{A4837F8C-5EA8-4342-9D3B-FF703B3D9085}.Debug|Any CPU.Build.0 = Debug|Any CPU
		{A4837F8C-5EA8-4342-9D3B-FF703B3D9085}.Release|Any CPU.ActiveCfg = Release|Any CPU
		{A4837F8C-5EA8-4342-9D3B-FF703B3D9085}.Release|Any CPU.Build.0 = Release|Any CPU
		{93CE170F-44C8-4F8E-A749-9154C3555577}.Debug|Any CPU.ActiveCfg = Debug|Any CPU
		{93CE170F-44C8-4F8E-A749-9154C3555577}.Debug|Any CPU.Build.0 = Debug|Any CPU
		{93CE170F-44C8-4F8E-A749-9154C3555577}.Release|Any CPU.ActiveCfg = Release|Any CPU
		{93CE170F-44C8-4F8E-A749-9154C3555577}.Release|Any CPU.Build.0 = Release|Any CPU
		{C4F9CCB1-EA2B-49E9-AE9B-14B7C6F46FE9}.Debug|Any CPU.ActiveCfg = Debug|Any CPU
		{C4F9CCB1-EA2B-49E9-AE9B-14B7C6F46FE9}.Debug|Any CPU.Build.0 = Debug|Any CPU
		{C4F9CCB1-EA2B-49E9-AE9B-14B7C6F46FE9}.Release|Any CPU.ActiveCfg = Release|Any CPU
		{C4F9CCB1-EA2B-49E9-AE9B-14B7C6F46FE9}.Release|Any CPU.Build.0 = Release|Any CPU
		{06D4B90F-81B1-4551-AFEE-05B0B1104C94}.Debug|Any CPU.ActiveCfg = Debug|Any CPU
		{06D4B90F-81B1-4551-AFEE-05B0B1104C94}.Debug|Any CPU.Build.0 = Debug|Any CPU
		{06D4B90F-81B1-4551-AFEE-05B0B1104C94}.Release|Any CPU.ActiveCfg = Release|Any CPU
		{06D4B90F-81B1-4551-AFEE-05B0B1104C94}.Release|Any CPU.Build.0 = Release|Any CPU
	EndGlobalSection
	GlobalSection(SolutionProperties) = preSolution
		HideSolutionNode = FALSE
	EndGlobalSection
	GlobalSection(NestedProjects) = preSolution
	EndGlobalSection
	GlobalSection(ExtensibilityGlobals) = postSolution
		SolutionGuid = {DF997E03-26CD-4805-8114-38F71532A883}
	EndGlobalSection
EndGlobal
