
Microsoft Visual Studio Solution File, Format Version 12.00
# Visual Studio Version 16
VisualStudioVersion = 16.0.29102.190
MinimumVisualStudioVersion = 10.0.40219.1
Project("{9A19103F-16F7-4668-BE54-9A1E7A4F7556}") = "SFA.DAS.Campaign.Web", "SFA.DAS.Campaign.Web\SFA.DAS.Campaign.Web.csproj", "{78963483-FF2C-42AF-9C29-8DC42B98D6A6}"
EndProject
Project("{9A19103F-16F7-4668-BE54-9A1E7A4F7556}") = "SFA.DAS.Campaign.Application", "SFA.DAS.Campaign.Application\SFA.DAS.Campaign.Application.csproj", "{5D7E8906-1680-42CC-A074-1F3B494EAC01}"
EndProject
Project("{9A19103F-16F7-4668-BE54-9A1E7A4F7556}") = "SFA.DAS.Campaign.Domain", "SFA.DAS.Campaign.Domain\SFA.DAS.Campaign.Domain.csproj", "{ABA71A27-1FF0-4201-BBC6-E6E1D0ED44A4}"
EndProject
Project("{9A19103F-16F7-4668-BE54-9A1E7A4F7556}") = "SFA.DAS.Vacancies.Api", "SFA.DAS.Vacancies.Api\SFA.DAS.Vacancies.Api.csproj", "{A4837F8C-5EA8-4342-9D3B-FF703B3D9085}"
EndProject
Project("{9A19103F-16F7-4668-BE54-9A1E7A4F7556}") = "SFA.DAS.Campaign.Infrastructure", "SFA.DAS.Campaign.Infrastructure\SFA.DAS.Campaign.Infrastructure.csproj", "{93CE170F-44C8-4F8E-A749-9154C3555577}"
EndProject
Project("{2150E333-8FDC-42A3-9474-1A3956D46DE8}") = "Clients", "Clients", "{34C65FAA-B9B9-4934-95B0-4F0B9BF51EE4}"
EndProject
Project("{9A19103F-16F7-4668-BE54-9A1E7A4F7556}") = "SFA.DAS.Campaign.UnitTests", "SFA.DAS.Campaign.UnitTests\SFA.DAS.Campaign.UnitTests.csproj", "{03B6C152-7554-44FB-9DB5-673F14C69E00}"
EndProject
Project("{2150E333-8FDC-42A3-9474-1A3956D46DE8}") = "SharedComponents", "SharedComponents", "{F0184249-2C2E-49F9-ACCA-A7B57E915F85}"
EndProject
Project("{FAE04EC0-301F-11D3-BF4B-00C04F79EFBC}") = "Sfa.Das.Sas.Resources", "SharedComponents\Sfa.Das.Sas.Resources\Sfa.Das.Sas.Resources.csproj", "{4D6AB77D-6012-4F5C-8BE0-5DBF9DF2F5FA}"
EndProject
Project("{FAE04EC0-301F-11D3-BF4B-00C04F79EFBC}") = "Sfa.Das.Sas.Infrastructure", "SharedComponents\Sfa.Das.Sas.Infrastructure\Sfa.Das.Sas.Infrastructure.csproj", "{67B8A30A-52D8-432D-9FE0-84FAC5975442}"
EndProject
Project("{FAE04EC0-301F-11D3-BF4B-00C04F79EFBC}") = "Sfa.Das.Sas.Core", "SharedComponents\Sfa.Das.Sas.Core\Sfa.Das.Sas.Core.csproj", "{BF771078-1620-4850-A4D3-F45289AC2722}"
EndProject
Project("{FAE04EC0-301F-11D3-BF4B-00C04F79EFBC}") = "Sfa.Das.FatApi.Client", "SharedComponents\Sfa.Das.FatApi.Client\Sfa.Das.FatApi.Client.csproj", "{48AEA3F7-3CC4-418B-B6FC-696DF61A3C40}"
EndProject
Project("{FAE04EC0-301F-11D3-BF4B-00C04F79EFBC}") = "Sfa.Das.Sas.ApplicationServices", "SharedComponents\Sfa.Das.Sas.ApplicationServices\Sfa.Das.Sas.ApplicationServices.csproj", "{D08AEC6A-3EDA-4B24-A75F-6C0E2D6FB672}"
EndProject
Project("{FAE04EC0-301F-11D3-BF4B-00C04F79EFBC}") = "Sfa.Das.Sas.Shared.Basket", "SharedComponents\Sfa.Das.Sas.Shared.Basket\Sfa.Das.Sas.Shared.Basket.csproj", "{356C3086-9032-4681-9835-95E0427940C3}"
EndProject
Project("{FAE04EC0-301F-11D3-BF4B-00C04F79EFBC}") = "Sfa.Das.Sas.Shared.Components", "SharedComponents\Sfa.Das.Sas.Shared.Components\Sfa.Das.Sas.Shared.Components.csproj", "{CEF10D0A-2CEA-43C8-9E53-DC37565353B8}"
EndProject
Global
	GlobalSection(SolutionConfigurationPlatforms) = preSolution
		Debug|Any CPU = Debug|Any CPU
		Release|Any CPU = Release|Any CPU
	EndGlobalSection
	GlobalSection(ProjectConfigurationPlatforms) = postSolution
		{78963483-FF2C-42AF-9C29-8DC42B98D6A6}.Debug|Any CPU.ActiveCfg = Debug|Any CPU
		{78963483-FF2C-42AF-9C29-8DC42B98D6A6}.Debug|Any CPU.Build.0 = Debug|Any CPU
		{78963483-FF2C-42AF-9C29-8DC42B98D6A6}.Release|Any CPU.ActiveCfg = Release|Any CPU
		{78963483-FF2C-42AF-9C29-8DC42B98D6A6}.Release|Any CPU.Build.0 = Release|Any CPU
		{5D7E8906-1680-42CC-A074-1F3B494EAC01}.Debug|Any CPU.ActiveCfg = Debug|Any CPU
		{5D7E8906-1680-42CC-A074-1F3B494EAC01}.Debug|Any CPU.Build.0 = Debug|Any CPU
		{5D7E8906-1680-42CC-A074-1F3B494EAC01}.Release|Any CPU.ActiveCfg = Release|Any CPU
		{5D7E8906-1680-42CC-A074-1F3B494EAC01}.Release|Any CPU.Build.0 = Release|Any CPU
		{ABA71A27-1FF0-4201-BBC6-E6E1D0ED44A4}.Debug|Any CPU.ActiveCfg = Debug|Any CPU
		{ABA71A27-1FF0-4201-BBC6-E6E1D0ED44A4}.Debug|Any CPU.Build.0 = Debug|Any CPU
		{ABA71A27-1FF0-4201-BBC6-E6E1D0ED44A4}.Release|Any CPU.ActiveCfg = Release|Any CPU
		{ABA71A27-1FF0-4201-BBC6-E6E1D0ED44A4}.Release|Any CPU.Build.0 = Release|Any CPU
		{A4837F8C-5EA8-4342-9D3B-FF703B3D9085}.Debug|Any CPU.ActiveCfg = Debug|Any CPU
		{A4837F8C-5EA8-4342-9D3B-FF703B3D9085}.Debug|Any CPU.Build.0 = Debug|Any CPU
		{A4837F8C-5EA8-4342-9D3B-FF703B3D9085}.Release|Any CPU.ActiveCfg = Release|Any CPU
		{A4837F8C-5EA8-4342-9D3B-FF703B3D9085}.Release|Any CPU.Build.0 = Release|Any CPU
		{93CE170F-44C8-4F8E-A749-9154C3555577}.Debug|Any CPU.ActiveCfg = Debug|Any CPU
		{93CE170F-44C8-4F8E-A749-9154C3555577}.Debug|Any CPU.Build.0 = Debug|Any CPU
		{93CE170F-44C8-4F8E-A749-9154C3555577}.Release|Any CPU.ActiveCfg = Release|Any CPU
		{93CE170F-44C8-4F8E-A749-9154C3555577}.Release|Any CPU.Build.0 = Release|Any CPU
		{03B6C152-7554-44FB-9DB5-673F14C69E00}.Debug|Any CPU.ActiveCfg = Debug|Any CPU
		{03B6C152-7554-44FB-9DB5-673F14C69E00}.Debug|Any CPU.Build.0 = Debug|Any CPU
		{03B6C152-7554-44FB-9DB5-673F14C69E00}.Release|Any CPU.ActiveCfg = Release|Any CPU
		{03B6C152-7554-44FB-9DB5-673F14C69E00}.Release|Any CPU.Build.0 = Release|Any CPU
		{4D6AB77D-6012-4F5C-8BE0-5DBF9DF2F5FA}.Debug|Any CPU.ActiveCfg = Debug|Any CPU
		{4D6AB77D-6012-4F5C-8BE0-5DBF9DF2F5FA}.Debug|Any CPU.Build.0 = Debug|Any CPU
		{4D6AB77D-6012-4F5C-8BE0-5DBF9DF2F5FA}.Release|Any CPU.ActiveCfg = Release|Any CPU
		{4D6AB77D-6012-4F5C-8BE0-5DBF9DF2F5FA}.Release|Any CPU.Build.0 = Release|Any CPU
		{67B8A30A-52D8-432D-9FE0-84FAC5975442}.Debug|Any CPU.ActiveCfg = Debug|Any CPU
		{67B8A30A-52D8-432D-9FE0-84FAC5975442}.Debug|Any CPU.Build.0 = Debug|Any CPU
		{67B8A30A-52D8-432D-9FE0-84FAC5975442}.Release|Any CPU.ActiveCfg = Release|Any CPU
		{67B8A30A-52D8-432D-9FE0-84FAC5975442}.Release|Any CPU.Build.0 = Release|Any CPU
		{BF771078-1620-4850-A4D3-F45289AC2722}.Debug|Any CPU.ActiveCfg = Debug|Any CPU
		{BF771078-1620-4850-A4D3-F45289AC2722}.Debug|Any CPU.Build.0 = Debug|Any CPU
		{BF771078-1620-4850-A4D3-F45289AC2722}.Release|Any CPU.ActiveCfg = Release|Any CPU
		{BF771078-1620-4850-A4D3-F45289AC2722}.Release|Any CPU.Build.0 = Release|Any CPU
		{48AEA3F7-3CC4-418B-B6FC-696DF61A3C40}.Debug|Any CPU.ActiveCfg = Debug|Any CPU
		{48AEA3F7-3CC4-418B-B6FC-696DF61A3C40}.Debug|Any CPU.Build.0 = Debug|Any CPU
		{48AEA3F7-3CC4-418B-B6FC-696DF61A3C40}.Release|Any CPU.ActiveCfg = Release|Any CPU
		{48AEA3F7-3CC4-418B-B6FC-696DF61A3C40}.Release|Any CPU.Build.0 = Release|Any CPU
		{D08AEC6A-3EDA-4B24-A75F-6C0E2D6FB672}.Debug|Any CPU.ActiveCfg = Debug|Any CPU
		{D08AEC6A-3EDA-4B24-A75F-6C0E2D6FB672}.Debug|Any CPU.Build.0 = Debug|Any CPU
		{D08AEC6A-3EDA-4B24-A75F-6C0E2D6FB672}.Release|Any CPU.ActiveCfg = Release|Any CPU
		{D08AEC6A-3EDA-4B24-A75F-6C0E2D6FB672}.Release|Any CPU.Build.0 = Release|Any CPU
		{356C3086-9032-4681-9835-95E0427940C3}.Debug|Any CPU.ActiveCfg = Debug|Any CPU
		{356C3086-9032-4681-9835-95E0427940C3}.Debug|Any CPU.Build.0 = Debug|Any CPU
		{356C3086-9032-4681-9835-95E0427940C3}.Release|Any CPU.ActiveCfg = Release|Any CPU
		{356C3086-9032-4681-9835-95E0427940C3}.Release|Any CPU.Build.0 = Release|Any CPU
		{CEF10D0A-2CEA-43C8-9E53-DC37565353B8}.Debug|Any CPU.ActiveCfg = Debug|Any CPU
		{CEF10D0A-2CEA-43C8-9E53-DC37565353B8}.Debug|Any CPU.Build.0 = Debug|Any CPU
		{CEF10D0A-2CEA-43C8-9E53-DC37565353B8}.Release|Any CPU.ActiveCfg = Release|Any CPU
		{CEF10D0A-2CEA-43C8-9E53-DC37565353B8}.Release|Any CPU.Build.0 = Release|Any CPU
	EndGlobalSection
	GlobalSection(SolutionProperties) = preSolution
		HideSolutionNode = FALSE
	EndGlobalSection
	GlobalSection(NestedProjects) = preSolution
		{A4837F8C-5EA8-4342-9D3B-FF703B3D9085} = {34C65FAA-B9B9-4934-95B0-4F0B9BF51EE4}
		{4D6AB77D-6012-4F5C-8BE0-5DBF9DF2F5FA} = {F0184249-2C2E-49F9-ACCA-A7B57E915F85}
		{67B8A30A-52D8-432D-9FE0-84FAC5975442} = {F0184249-2C2E-49F9-ACCA-A7B57E915F85}
		{BF771078-1620-4850-A4D3-F45289AC2722} = {F0184249-2C2E-49F9-ACCA-A7B57E915F85}
		{48AEA3F7-3CC4-418B-B6FC-696DF61A3C40} = {F0184249-2C2E-49F9-ACCA-A7B57E915F85}
		{D08AEC6A-3EDA-4B24-A75F-6C0E2D6FB672} = {F0184249-2C2E-49F9-ACCA-A7B57E915F85}
		{356C3086-9032-4681-9835-95E0427940C3} = {F0184249-2C2E-49F9-ACCA-A7B57E915F85}
		{CEF10D0A-2CEA-43C8-9E53-DC37565353B8} = {F0184249-2C2E-49F9-ACCA-A7B57E915F85}
	EndGlobalSection
	GlobalSection(ExtensibilityGlobals) = postSolution
		SolutionGuid = {DF997E03-26CD-4805-8114-38F71532A883}
	EndGlobalSection
EndGlobal
